
Microsoft Visual Studio Solution File, Format Version 12.00
# Visual Studio Version 17
VisualStudioVersion = 17.9.34616.47
MinimumVisualStudioVersion = 10.0.40219.1
Project("{FAE04EC0-301F-11D3-BF4B-00C04F79EFBC}") = "ESTRUTURA LOOP DE REPETIÇÃO 6", "ESTRUTURA LOOP DE REPETIÇÃO 6\ESTRUTURA LOOP DE REPETIÇÃO 6.csproj", "{22420F49-CFA3-4AB7-8E06-D5ADFC77936C}"
EndProject
Global
	GlobalSection(SolutionConfigurationPlatforms) = preSolution
		Debug|Any CPU = Debug|Any CPU
		Release|Any CPU = Release|Any CPU
	EndGlobalSection
	GlobalSection(ProjectConfigurationPlatforms) = postSolution
		{22420F49-CFA3-4AB7-8E06-D5ADFC77936C}.Debug|Any CPU.ActiveCfg = Debug|Any CPU
		{22420F49-CFA3-4AB7-8E06-D5ADFC77936C}.Debug|Any CPU.Build.0 = Debug|Any CPU
		{22420F49-CFA3-4AB7-8E06-D5ADFC77936C}.Release|Any CPU.ActiveCfg = Release|Any CPU
		{22420F49-CFA3-4AB7-8E06-D5ADFC77936C}.Release|Any CPU.Build.0 = Release|Any CPU
	EndGlobalSection
	GlobalSection(SolutionProperties) = preSolution
		HideSolutionNode = FALSE
	EndGlobalSection
	GlobalSection(ExtensibilityGlobals) = postSolution
		SolutionGuid = {5D378939-63C5-4905-98FB-E5047DC9EF65}
	EndGlobalSection
EndGlobal
